// !$*UTF8*$!
{
	archiveVersion = 1;
	classes = {
	};
	objectVersion = 55;
	objects = {

/* Begin PBXBuildFile section */
		831561DB2889B4CA00800216 /* AppDelegate.swift in Sources */ = {isa = PBXBuildFile; fileRef = 831561DA2889B4CA00800216 /* AppDelegate.swift */; };
		831561DD2889B4CA00800216 /* SceneDelegate.swift in Sources */ = {isa = PBXBuildFile; fileRef = 831561DC2889B4CA00800216 /* SceneDelegate.swift */; };
		831561DF2889B4CA00800216 /* ViewController.swift in Sources */ = {isa = PBXBuildFile; fileRef = 831561DE2889B4CA00800216 /* ViewController.swift */; };
		831561E22889B4CA00800216 /* Main.storyboard in Resources */ = {isa = PBXBuildFile; fileRef = 831561E02889B4CA00800216 /* Main.storyboard */; };
		831561E42889B4CC00800216 /* Assets.xcassets in Resources */ = {isa = PBXBuildFile; fileRef = 831561E32889B4CC00800216 /* Assets.xcassets */; };
		831561E72889B4CC00800216 /* LaunchScreen.storyboard in Resources */ = {isa = PBXBuildFile; fileRef = 831561E52889B4CC00800216 /* LaunchScreen.storyboard */; };
		831561F22889B4CC00800216 /* gameCirclesTests.swift in Sources */ = {isa = PBXBuildFile; fileRef = 831561F12889B4CC00800216 /* gameCirclesTests.swift */; };
		831561FC2889B4CC00800216 /* gameCirclesUITests.swift in Sources */ = {isa = PBXBuildFile; fileRef = 831561FB2889B4CC00800216 /* gameCirclesUITests.swift */; };
		831561FE2889B4CC00800216 /* gameCirclesUITestsLaunchTests.swift in Sources */ = {isa = PBXBuildFile; fileRef = 831561FD2889B4CC00800216 /* gameCirclesUITestsLaunchTests.swift */; };
/* End PBXBuildFile section */

/* Begin PBXContainerItemProxy section */
		831561EE2889B4CC00800216 /* PBXContainerItemProxy */ = {
			isa = PBXContainerItemProxy;
			containerPortal = 831561CF2889B4CA00800216 /* Project object */;
			proxyType = 1;
			remoteGlobalIDString = 831561D62889B4CA00800216;
			remoteInfo = gameCircles;
		};
		831561F82889B4CC00800216 /* PBXContainerItemProxy */ = {
			isa = PBXContainerItemProxy;
			containerPortal = 831561CF2889B4CA00800216 /* Project object */;
			proxyType = 1;
			remoteGlobalIDString = 831561D62889B4CA00800216;
			remoteInfo = gameCircles;
		};
/* End PBXContainerItemProxy section */

/* Begin PBXFileReference section */
		831561D72889B4CA00800216 /* gameCircles.app */ = {isa = PBXFileReference; explicitFileType = wrapper.application; includeInIndex = 0; path = gameCircles.app; sourceTree = BUILT_PRODUCTS_DIR; };
		831561DA2889B4CA00800216 /* AppDelegate.swift */ = {isa = PBXFileReference; lastKnownFileType = sourcecode.swift; path = AppDelegate.swift; sourceTree = "<group>"; };
		831561DC2889B4CA00800216 /* SceneDelegate.swift */ = {isa = PBXFileReference; lastKnownFileType = sourcecode.swift; path = SceneDelegate.swift; sourceTree = "<group>"; };
		831561DE2889B4CA00800216 /* ViewController.swift */ = {isa = PBXFileReference; lastKnownFileType = sourcecode.swift; path = ViewController.swift; sourceTree = "<group>"; };
		831561E12889B4CA00800216 /* Base */ = {isa = PBXFileReference; lastKnownFileType = file.storyboard; name = Base; path = Base.lproj/Main.storyboard; sourceTree = "<group>"; };
		831561E32889B4CC00800216 /* Assets.xcassets */ = {isa = PBXFileReference; lastKnownFileType = folder.assetcatalog; path = Assets.xcassets; sourceTree = "<group>"; };
		831561E62889B4CC00800216 /* Base */ = {isa = PBXFileReference; lastKnownFileType = file.storyboard; name = Base; path = Base.lproj/LaunchScreen.storyboard; sourceTree = "<group>"; };
		831561E82889B4CC00800216 /* Info.plist */ = {isa = PBXFileReference; lastKnownFileType = text.plist.xml; path = Info.plist; sourceTree = "<group>"; };
		831561ED2889B4CC00800216 /* gameCirclesTests.xctest */ = {isa = PBXFileReference; explicitFileType = wrapper.cfbundle; includeInIndex = 0; path = gameCirclesTests.xctest; sourceTree = BUILT_PRODUCTS_DIR; };
		831561F12889B4CC00800216 /* gameCirclesTests.swift */ = {isa = PBXFileReference; lastKnownFileType = sourcecode.swift; path = gameCirclesTests.swift; sourceTree = "<group>"; };
		831561F72889B4CC00800216 /* gameCirclesUITests.xctest */ = {isa = PBXFileReference; explicitFileType = wrapper.cfbundle; includeInIndex = 0; path = gameCirclesUITests.xctest; sourceTree = BUILT_PRODUCTS_DIR; };
		831561FB2889B4CC00800216 /* gameCirclesUITests.swift */ = {isa = PBXFileReference; lastKnownFileType = sourcecode.swift; path = gameCirclesUITests.swift; sourceTree = "<group>"; };
		831561FD2889B4CC00800216 /* gameCirclesUITestsLaunchTests.swift */ = {isa = PBXFileReference; lastKnownFileType = sourcecode.swift; path = gameCirclesUITestsLaunchTests.swift; sourceTree = "<group>"; };
/* End PBXFileReference section */

/* Begin PBXFrameworksBuildPhase section */
		831561D42889B4CA00800216 /* Frameworks */ = {
			isa = PBXFrameworksBuildPhase;
			buildActionMask = 2147483647;
			files = (
			);
			runOnlyForDeploymentPostprocessing = 0;
		};
		831561EA2889B4CC00800216 /* Frameworks */ = {
			isa = PBXFrameworksBuildPhase;
			buildActionMask = 2147483647;
			files = (
			);
			runOnlyForDeploymentPostprocessing = 0;
		};
		831561F42889B4CC00800216 /* Frameworks */ = {
			isa = PBXFrameworksBuildPhase;
			buildActionMask = 2147483647;
			files = (
			);
			runOnlyForDeploymentPostprocessing = 0;
		};
/* End PBXFrameworksBuildPhase section */

/* Begin PBXGroup section */
		831561CE2889B4CA00800216 = {
			isa = PBXGroup;
			children = (
				831561D92889B4CA00800216 /* gameCircles */,
				831561F02889B4CC00800216 /* gameCirclesTests */,
				831561FA2889B4CC00800216 /* gameCirclesUITests */,
				831561D82889B4CA00800216 /* Products */,
			);
			sourceTree = "<group>";
		};
		831561D82889B4CA00800216 /* Products */ = {
			isa = PBXGroup;
			children = (
				831561D72889B4CA00800216 /* gameCircles.app */,
				831561ED2889B4CC00800216 /* gameCirclesTests.xctest */,
				831561F72889B4CC00800216 /* gameCirclesUITests.xctest */,
			);
			name = Products;
			sourceTree = "<group>";
		};
		831561D92889B4CA00800216 /* gameCircles */ = {
			isa = PBXGroup;
			children = (
				831561DA2889B4CA00800216 /* AppDelegate.swift */,
				831561DC2889B4CA00800216 /* SceneDelegate.swift */,
				831561DE2889B4CA00800216 /* ViewController.swift */,
				831561E02889B4CA00800216 /* Main.storyboard */,
				831561E32889B4CC00800216 /* Assets.xcassets */,
				831561E52889B4CC00800216 /* LaunchScreen.storyboard */,
				831561E82889B4CC00800216 /* Info.plist */,
			);
			path = gameCircles;
			sourceTree = "<group>";
		};
		831561F02889B4CC00800216 /* gameCirclesTests */ = {
			isa = PBXGroup;
			children = (
				831561F12889B4CC00800216 /* gameCirclesTests.swift */,
			);
			path = gameCirclesTests;
			sourceTree = "<group>";
		};
		831561FA2889B4CC00800216 /* gameCirclesUITests */ = {
			isa = PBXGroup;
			children = (
				831561FB2889B4CC00800216 /* gameCirclesUITests.swift */,
				831561FD2889B4CC00800216 /* gameCirclesUITestsLaunchTests.swift */,
			);
			path = gameCirclesUITests;
			sourceTree = "<group>";
		};
/* End PBXGroup section */

/* Begin PBXNativeTarget section */
		831561D62889B4CA00800216 /* gameCircles */ = {
			isa = PBXNativeTarget;
			buildConfigurationList = 831562012889B4CC00800216 /* Build configuration list for PBXNativeTarget "gameCircles" */;
			buildPhases = (
				831561D32889B4CA00800216 /* Sources */,
				831561D42889B4CA00800216 /* Frameworks */,
				831561D52889B4CA00800216 /* Resources */,
			);
			buildRules = (
			);
			dependencies = (
			);
			name = gameCircles;
			productName = gameCircles;
			productReference = 831561D72889B4CA00800216 /* gameCircles.app */;
			productType = "com.apple.product-type.application";
		};
		831561EC2889B4CC00800216 /* gameCirclesTests */ = {
			isa = PBXNativeTarget;
			buildConfigurationList = 831562042889B4CC00800216 /* Build configuration list for PBXNativeTarget "gameCirclesTests" */;
			buildPhases = (
				831561E92889B4CC00800216 /* Sources */,
				831561EA2889B4CC00800216 /* Frameworks */,
				831561EB2889B4CC00800216 /* Resources */,
			);
			buildRules = (
			);
			dependencies = (
				831561EF2889B4CC00800216 /* PBXTargetDependency */,
			);
			name = gameCirclesTests;
			productName = gameCirclesTests;
			productReference = 831561ED2889B4CC00800216 /* gameCirclesTests.xctest */;
			productType = "com.apple.product-type.bundle.unit-test";
		};
		831561F62889B4CC00800216 /* gameCirclesUITests */ = {
			isa = PBXNativeTarget;
			buildConfigurationList = 831562072889B4CC00800216 /* Build configuration list for PBXNativeTarget "gameCirclesUITests" */;
			buildPhases = (
				831561F32889B4CC00800216 /* Sources */,
				831561F42889B4CC00800216 /* Frameworks */,
				831561F52889B4CC00800216 /* Resources */,
			);
			buildRules = (
			);
			dependencies = (
				831561F92889B4CC00800216 /* PBXTargetDependency */,
			);
			name = gameCirclesUITests;
			productName = gameCirclesUITests;
			productReference = 831561F72889B4CC00800216 /* gameCirclesUITests.xctest */;
			productType = "com.apple.product-type.bundle.ui-testing";
		};
/* End PBXNativeTarget section */

/* Begin PBXProject section */
		831561CF2889B4CA00800216 /* Project object */ = {
			isa = PBXProject;
			attributes = {
				BuildIndependentTargetsInParallel = 1;
				LastSwiftUpdateCheck = 1330;
				LastUpgradeCheck = 1330;
				TargetAttributes = {
					831561D62889B4CA00800216 = {
						CreatedOnToolsVersion = 13.3;
					};
					831561EC2889B4CC00800216 = {
						CreatedOnToolsVersion = 13.3;
						TestTargetID = 831561D62889B4CA00800216;
					};
					831561F62889B4CC00800216 = {
						CreatedOnToolsVersion = 13.3;
						TestTargetID = 831561D62889B4CA00800216;
					};
				};
			};
			buildConfigurationList = 831561D22889B4CA00800216 /* Build configuration list for PBXProject "gameCircles" */;
			compatibilityVersion = "Xcode 13.0";
			developmentRegion = en;
			hasScannedForEncodings = 0;
			knownRegions = (
				en,
				Base,
			);
			mainGroup = 831561CE2889B4CA00800216;
			productRefGroup = 831561D82889B4CA00800216 /* Products */;
			projectDirPath = "";
			projectRoot = "";
			targets = (
				831561D62889B4CA00800216 /* gameCircles */,
				831561EC2889B4CC00800216 /* gameCirclesTests */,
				831561F62889B4CC00800216 /* gameCirclesUITests */,
			);
		};
/* End PBXProject section */

/* Begin PBXResourcesBuildPhase section */
		831561D52889B4CA00800216 /* Resources */ = {
			isa = PBXResourcesBuildPhase;
			buildActionMask = 2147483647;
			files = (
				831561E72889B4CC00800216 /* LaunchScreen.storyboard in Resources */,
				831561E42889B4CC00800216 /* Assets.xcassets in Resources */,
				831561E22889B4CA00800216 /* Main.storyboard in Resources */,
			);
			runOnlyForDeploymentPostprocessing = 0;
		};
		831561EB2889B4CC00800216 /* Resources */ = {
			isa = PBXResourcesBuildPhase;
			buildActionMask = 2147483647;
			files = (
			);
			runOnlyForDeploymentPostprocessing = 0;
		};
		831561F52889B4CC00800216 /* Resources */ = {
			isa = PBXResourcesBuildPhase;
			buildActionMask = 2147483647;
			files = (
			);
			runOnlyForDeploymentPostprocessing = 0;
		};
/* End PBXResourcesBuildPhase section */

/* Begin PBXSourcesBuildPhase section */
		831561D32889B4CA00800216 /* Sources */ = {
			isa = PBXSourcesBuildPhase;
			buildActionMask = 2147483647;
			files = (
				831561DF2889B4CA00800216 /* ViewController.swift in Sources */,
				831561DB2889B4CA00800216 /* AppDelegate.swift in Sources */,
				831561DD2889B4CA00800216 /* SceneDelegate.swift in Sources */,
			);
			runOnlyForDeploymentPostprocessing = 0;
		};
		831561E92889B4CC00800216 /* Sources */ = {
			isa = PBXSourcesBuildPhase;
			buildActionMask = 2147483647;
			files = (
				831561F22889B4CC00800216 /* gameCirclesTests.swift in Sources */,
			);
			runOnlyForDeploymentPostprocessing = 0;
		};
		831561F32889B4CC00800216 /* Sources */ = {
			isa = PBXSourcesBuildPhase;
			buildActionMask = 2147483647;
			files = (
				831561FE2889B4CC00800216 /* gameCirclesUITestsLaunchTests.swift in Sources */,
				831561FC2889B4CC00800216 /* gameCirclesUITests.swift in Sources */,
			);
			runOnlyForDeploymentPostprocessing = 0;
		};
/* End PBXSourcesBuildPhase section */

/* Begin PBXTargetDependency section */
		831561EF2889B4CC00800216 /* PBXTargetDependency */ = {
			isa = PBXTargetDependency;
			target = 831561D62889B4CA00800216 /* gameCircles */;
			targetProxy = 831561EE2889B4CC00800216 /* PBXContainerItemProxy */;
		};
		831561F92889B4CC00800216 /* PBXTargetDependency */ = {
			isa = PBXTargetDependency;
			target = 831561D62889B4CA00800216 /* gameCircles */;
			targetProxy = 831561F82889B4CC00800216 /* PBXContainerItemProxy */;
		};
/* End PBXTargetDependency section */

/* Begin PBXVariantGroup section */
		831561E02889B4CA00800216 /* Main.storyboard */ = {
			isa = PBXVariantGroup;
			children = (
				831561E12889B4CA00800216 /* Base */,
			);
			name = Main.storyboard;
			sourceTree = "<group>";
		};
		831561E52889B4CC00800216 /* LaunchScreen.storyboard */ = {
			isa = PBXVariantGroup;
			children = (
				831561E62889B4CC00800216 /* Base */,
			);
			name = LaunchScreen.storyboard;
			sourceTree = "<group>";
		};
/* End PBXVariantGroup section */

/* Begin XCBuildConfiguration section */
		831561FF2889B4CC00800216 /* Debug */ = {
			isa = XCBuildConfiguration;
			buildSettings = {
				ALWAYS_SEARCH_USER_PATHS = NO;
				CLANG_ANALYZER_NONNULL = YES;
				CLANG_ANALYZER_NUMBER_OBJECT_CONVERSION = YES_AGGRESSIVE;
				CLANG_CXX_LANGUAGE_STANDARD = "gnu++17";
				CLANG_ENABLE_MODULES = YES;
				CLANG_ENABLE_OBJC_ARC = YES;
				CLANG_ENABLE_OBJC_WEAK = YES;
				CLANG_WARN_BLOCK_CAPTURE_AUTORELEASING = YES;
				CLANG_WARN_BOOL_CONVERSION = YES;
				CLANG_WARN_COMMA = YES;
				CLANG_WARN_CONSTANT_CONVERSION = YES;
				CLANG_WARN_DEPRECATED_OBJC_IMPLEMENTATIONS = YES;
				CLANG_WARN_DIRECT_OBJC_ISA_USAGE = YES_ERROR;
				CLANG_WARN_DOCUMENTATION_COMMENTS = YES;
				CLANG_WARN_EMPTY_BODY = YES;
				CLANG_WARN_ENUM_CONVERSION = YES;
				CLANG_WARN_INFINITE_RECURSION = YES;
				CLANG_WARN_INT_CONVERSION = YES;
				CLANG_WARN_NON_LITERAL_NULL_CONVERSION = YES;
				CLANG_WARN_OBJC_IMPLICIT_RETAIN_SELF = YES;
				CLANG_WARN_OBJC_LITERAL_CONVERSION = YES;
				CLANG_WARN_OBJC_ROOT_CLASS = YES_ERROR;
				CLANG_WARN_QUOTED_INCLUDE_IN_FRAMEWORK_HEADER = YES;
				CLANG_WARN_RANGE_LOOP_ANALYSIS = YES;
				CLANG_WARN_STRICT_PROTOTYPES = YES;
				CLANG_WARN_SUSPICIOUS_MOVE = YES;
				CLANG_WARN_UNGUARDED_AVAILABILITY = YES_AGGRESSIVE;
				CLANG_WARN_UNREACHABLE_CODE = YES;
				CLANG_WARN__DUPLICATE_METHOD_MATCH = YES;
				COPY_PHASE_STRIP = NO;
				DEBUG_INFORMATION_FORMAT = dwarf;
				ENABLE_STRICT_OBJC_MSGSEND = YES;
				ENABLE_TESTABILITY = YES;
				GCC_C_LANGUAGE_STANDARD = gnu11;
				GCC_DYNAMIC_NO_PIC = NO;
				GCC_NO_COMMON_BLOCKS = YES;
				GCC_OPTIMIZATION_LEVEL = 0;
				GCC_PREPROCESSOR_DEFINITIONS = (
					"DEBUG=1",
					"$(inherited)",
				);
				GCC_WARN_64_TO_32_BIT_CONVERSION = YES;
				GCC_WARN_ABOUT_RETURN_TYPE = YES_ERROR;
				GCC_WARN_UNDECLARED_SELECTOR = YES;
				GCC_WARN_UNINITIALIZED_AUTOS = YES_AGGRESSIVE;
				GCC_WARN_UNUSED_FUNCTION = YES;
				GCC_WARN_UNUSED_VARIABLE = YES;
				IPHONEOS_DEPLOYMENT_TARGET = 15.4;
				MTL_ENABLE_DEBUG_INFO = INCLUDE_SOURCE;
				MTL_FAST_MATH = YES;
				ONLY_ACTIVE_ARCH = YES;
				SDKROOT = iphoneos;
				SWIFT_ACTIVE_COMPILATION_CONDITIONS = DEBUG;
				SWIFT_OPTIMIZATION_LEVEL = "-Onone";
			};
			name = Debug;
		};
		831562002889B4CC00800216 /* Release */ = {
			isa = XCBuildConfiguration;
			buildSettings = {
				ALWAYS_SEARCH_USER_PATHS = NO;
				CLANG_ANALYZER_NONNULL = YES;
				CLANG_ANALYZER_NUMBER_OBJECT_CONVERSION = YES_AGGRESSIVE;
				CLANG_CXX_LANGUAGE_STANDARD = "gnu++17";
				CLANG_ENABLE_MODULES = YES;
				CLANG_ENABLE_OBJC_ARC = YES;
				CLANG_ENABLE_OBJC_WEAK = YES;
				CLANG_WARN_BLOCK_CAPTURE_AUTORELEASING = YES;
				CLANG_WARN_BOOL_CONVERSION = YES;
				CLANG_WARN_COMMA = YES;
				CLANG_WARN_CONSTANT_CONVERSION = YES;
				CLANG_WARN_DEPRECATED_OBJC_IMPLEMENTATIONS = YES;
				CLANG_WARN_DIRECT_OBJC_ISA_USAGE = YES_ERROR;
				CLANG_WARN_DOCUMENTATION_COMMENTS = YES;
				CLANG_WARN_EMPTY_BODY = YES;
				CLANG_WARN_ENUM_CONVERSION = YES;
				CLANG_WARN_INFINITE_RECURSION = YES;
				CLANG_WARN_INT_CONVERSION = YES;
				CLANG_WARN_NON_LITERAL_NULL_CONVERSION = YES;
				CLANG_WARN_OBJC_IMPLICIT_RETAIN_SELF = YES;
				CLANG_WARN_OBJC_LITERAL_CONVERSION = YES;
				CLANG_WARN_OBJC_ROOT_CLASS = YES_ERROR;
				CLANG_WARN_QUOTED_INCLUDE_IN_FRAMEWORK_HEADER = YES;
				CLANG_WARN_RANGE_LOOP_ANALYSIS = YES;
				CLANG_WARN_STRICT_PROTOTYPES = YES;
				CLANG_WARN_SUSPICIOUS_MOVE = YES;
				CLANG_WARN_UNGUARDED_AVAILABILITY = YES_AGGRESSIVE;
				CLANG_WARN_UNREACHABLE_CODE = YES;
				CLANG_WARN__DUPLICATE_METHOD_MATCH = YES;
				COPY_PHASE_STRIP = NO;
				DEBUG_INFORMATION_FORMAT = "dwarf-with-dsym";
				ENABLE_NS_ASSERTIONS = NO;
				ENABLE_STRICT_OBJC_MSGSEND = YES;
				GCC_C_LANGUAGE_STANDARD = gnu11;
				GCC_NO_COMMON_BLOCKS = YES;
				GCC_WARN_64_TO_32_BIT_CONVERSION = YES;
				GCC_WARN_ABOUT_RETURN_TYPE = YES_ERROR;
				GCC_WARN_UNDECLARED_SELECTOR = YES;
				GCC_WARN_UNINITIALIZED_AUTOS = YES_AGGRESSIVE;
				GCC_WARN_UNUSED_FUNCTION = YES;
				GCC_WARN_UNUSED_VARIABLE = YES;
				IPHONEOS_DEPLOYMENT_TARGET = 15.4;
				MTL_ENABLE_DEBUG_INFO = NO;
				MTL_FAST_MATH = YES;
				SDKROOT = iphoneos;
				SWIFT_COMPILATION_MODE = wholemodule;
				SWIFT_OPTIMIZATION_LEVEL = "-O";
				VALIDATE_PRODUCT = YES;
			};
			name = Release;
		};
		831562022889B4CC00800216 /* Debug */ = {
			isa = XCBuildConfiguration;
			buildSettings = {
				ASSETCATALOG_COMPILER_APPICON_NAME = AppIcon;
				ASSETCATALOG_COMPILER_GLOBAL_ACCENT_COLOR_NAME = AccentColor;
				CODE_SIGN_STYLE = Automatic;
				CURRENT_PROJECT_VERSION = 1;
				DEVELOPMENT_TEAM = LKJPK352B9;
				GENERATE_INFOPLIST_FILE = YES;
				INFOPLIST_FILE = gameCircles/Info.plist;
				INFOPLIST_KEY_UIApplicationSupportsIndirectInputEvents = YES;
				INFOPLIST_KEY_UILaunchStoryboardName = LaunchScreen;
				INFOPLIST_KEY_UIMainStoryboardFile = Main;
				INFOPLIST_KEY_UISupportedInterfaceOrientations_iPad = "UIInterfaceOrientationPortrait UIInterfaceOrientationPortraitUpsideDown UIInterfaceOrientationLandscapeLeft UIInterfaceOrientationLandscapeRight";
				INFOPLIST_KEY_UISupportedInterfaceOrientations_iPhone = "UIInterfaceOrientationPortrait UIInterfaceOrientationLandscapeLeft UIInterfaceOrientationLandscapeRight";
				LD_RUNPATH_SEARCH_PATHS = (
					"$(inherited)",
					"@executable_path/Frameworks",
				);
				MARKETING_VERSION = 1.0;
				PRODUCT_BUNDLE_IDENTIFIER = maCom.gameCircles;
				PRODUCT_NAME = "$(TARGET_NAME)";
				SWIFT_EMIT_LOC_STRINGS = YES;
				SWIFT_VERSION = 5.0;
				TARGETED_DEVICE_FAMILY = "1,2";
			};
			name = Debug;
		};
		831562032889B4CC00800216 /* Release */ = {
			isa = XCBuildConfiguration;
			buildSettings = {
				ASSETCATALOG_COMPILER_APPICON_NAME = AppIcon;
				ASSETCATALOG_COMPILER_GLOBAL_ACCENT_COLOR_NAME = AccentColor;
				CODE_SIGN_STYLE = Automatic;
				CURRENT_PROJECT_VERSION = 1;
				DEVELOPMENT_TEAM = LKJPK352B9;
				GENERATE_INFOPLIST_FILE = YES;
				INFOPLIST_FILE = gameCircles/Info.plist;
				INFOPLIST_KEY_UIApplicationSupportsIndirectInputEvents = YES;
				INFOPLIST_KEY_UILaunchStoryboardName = LaunchScreen;
				INFOPLIST_KEY_UIMainStoryboardFile = Main;
				INFOPLIST_KEY_UISupportedInterfaceOrientations_iPad = "UIInterfaceOrientationPortrait UIInterfaceOrientationPortraitUpsideDown UIInterfaceOrientationLandscapeLeft UIInterfaceOrientationLandscapeRight";
				INFOPLIST_KEY_UISupportedInterfaceOrientations_iPhone = "UIInterfaceOrientationPortrait UIInterfaceOrientationLandscapeLeft UIInterfaceOrientationLandscapeRight";
				LD_RUNPATH_SEARCH_PATHS = (
					"$(inherited)",
					"@executable_path/Frameworks",
				);
				MARKETING_VERSION = 1.0;
				PRODUCT_BUNDLE_IDENTIFIER = maCom.gameCircles;
				PRODUCT_NAME = "$(TARGET_NAME)";
				SWIFT_EMIT_LOC_STRINGS = YES;
				SWIFT_VERSION = 5.0;
				TARGETED_DEVICE_FAMILY = "1,2";
			};
			name = Release;
		};
		831562052889B4CC00800216 /* Debug */ = {
			isa = XCBuildConfiguration;
			buildSettings = {
				ALWAYS_EMBED_SWIFT_STANDARD_LIBRARIES = YES;
				BUNDLE_LOADER = "$(TEST_HOST)";
				CODE_SIGN_STYLE = Automatic;
				CURRENT_PROJECT_VERSION = 1;
				DEVELOPMENT_TEAM = LKJPK352B9;
				GENERATE_INFOPLIST_FILE = YES;
				IPHONEOS_DEPLOYMENT_TARGET = 15.4;
				MARKETING_VERSION = 1.0;
				PRODUCT_BUNDLE_IDENTIFIER = maCom.gameCirclesTests;
				PRODUCT_NAME = "$(TARGET_NAME)";
				SWIFT_EMIT_LOC_STRINGS = NO;
				SWIFT_VERSION = 5.0;
				TARGETED_DEVICE_FAMILY = "1,2";
				TEST_HOST = "$(BUILT_PRODUCTS_DIR)/gameCircles.app/gameCircles";
			};
			name = Debug;
		};
		831562062889B4CC00800216 /* Release */ = {
			isa = XCBuildConfiguration;
			buildSettings = {
				ALWAYS_EMBED_SWIFT_STANDARD_LIBRARIES = YES;
				BUNDLE_LOADER = "$(TEST_HOST)";
				CODE_SIGN_STYLE = Automatic;
				CURRENT_PROJECT_VERSION = 1;
				DEVELOPMENT_TEAM = LKJPK352B9;
				GENERATE_INFOPLIST_FILE = YES;
				IPHONEOS_DEPLOYMENT_TARGET = 15.4;
				MARKETING_VERSION = 1.0;
				PRODUCT_BUNDLE_IDENTIFIER = maCom.gameCirclesTests;
				PRODUCT_NAME = "$(TARGET_NAME)";
				SWIFT_EMIT_LOC_STRINGS = NO;
				SWIFT_VERSION = 5.0;
				TARGETED_DEVICE_FAMILY = "1,2";
				TEST_HOST = "$(BUILT_PRODUCTS_DIR)/gameCircles.app/gameCircles";
			};
			name = Release;
		};
		831562082889B4CC00800216 /* Debug */ = {
			isa = XCBuildConfiguration;
			buildSettings = {
				ALWAYS_EMBED_SWIFT_STANDARD_LIBRARIES = YES;
				CODE_SIGN_STYLE = Automatic;
				CURRENT_PROJECT_VERSION = 1;
				DEVELOPMENT_TEAM = LKJPK352B9;
				GENERATE_INFOPLIST_FILE = YES;
				MARKETING_VERSION = 1.0;
				PRODUCT_BUNDLE_IDENTIFIER = maCom.gameCirclesUITests;
				PRODUCT_NAME = "$(TARGET_NAME)";
				SWIFT_EMIT_LOC_STRINGS = NO;
				SWIFT_VERSION = 5.0;
				TARGETED_DEVICE_FAMILY = "1,2";
				TEST_TARGET_NAME = gameCircles;
			};
			name = Debug;
		};
		831562092889B4CC00800216 /* Release */ = {
			isa = XCBuildConfiguration;
			buildSettings = {
				ALWAYS_EMBED_SWIFT_STANDARD_LIBRARIES = YES;
				CODE_SIGN_STYLE = Automatic;
				CURRENT_PROJECT_VERSION = 1;
				DEVELOPMENT_TEAM = LKJPK352B9;
				GENERATE_INFOPLIST_FILE = YES;
				MARKETING_VERSION = 1.0;
				PRODUCT_BUNDLE_IDENTIFIER = maCom.gameCirclesUITests;
				PRODUCT_NAME = "$(TARGET_NAME)";
				SWIFT_EMIT_LOC_STRINGS = NO;
				SWIFT_VERSION = 5.0;
				TARGETED_DEVICE_FAMILY = "1,2";
				TEST_TARGET_NAME = gameCircles;
			};
			name = Release;
		};
/* End XCBuildConfiguration section */

/* Begin XCConfigurationList section */
		831561D22889B4CA00800216 /* Build configuration list for PBXProject "gameCircles" */ = {
			isa = XCConfigurationList;
			buildConfigurations = (
				831561FF2889B4CC00800216 /* Debug */,
				831562002889B4CC00800216 /* Release */,
			);
			defaultConfigurationIsVisible = 0;
			defaultConfigurationName = Release;
		};
		831562012889B4CC00800216 /* Build configuration list for PBXNativeTarget "gameCircles" */ = {
			isa = XCConfigurationList;
			buildConfigurations = (
				831562022889B4CC00800216 /* Debug */,
				831562032889B4CC00800216 /* Release */,
			);
			defaultConfigurationIsVisible = 0;
			defaultConfigurationName = Release;
		};
		831562042889B4CC00800216 /* Build configuration list for PBXNativeTarget "gameCirclesTests" */ = {
			isa = XCConfigurationList;
			buildConfigurations = (
				831562052889B4CC00800216 /* Debug */,
				831562062889B4CC00800216 /* Release */,
			);
			defaultConfigurationIsVisible = 0;
			defaultConfigurationName = Release;
		};
		831562072889B4CC00800216 /* Build configuration list for PBXNativeTarget "gameCirclesUITests" */ = {
			isa = XCConfigurationList;
			buildConfigurations = (
				831562082889B4CC00800216 /* Debug */,
				831562092889B4CC00800216 /* Release */,
			);
			defaultConfigurationIsVisible = 0;
			defaultConfigurationName = Release;
		};
/* End XCConfigurationList section */
	};
	rootObject = 831561CF2889B4CA00800216 /* Project object */;
}
